
Microsoft Visual Studio Solution File, Format Version 12.00
# Visual Studio Version 16
VisualStudioVersion = 16.0.29728.190
MinimumVisualStudioVersion = 10.0.40219.1
Project("{FAE04EC0-301F-11D3-BF4B-00C04F79EFBC}") = "RegularExpressions2", "RegularExpressions2.csproj", "{6392EF18-4146-4FC9-A1B7-E16F28D0D630}"
EndProject
Global
	GlobalSection(SolutionConfigurationPlatforms) = preSolution
		Debug|Any CPU = Debug|Any CPU
		Release|Any CPU = Release|Any CPU
	EndGlobalSection
	GlobalSection(ProjectConfigurationPlatforms) = postSolution
		{6392EF18-4146-4FC9-A1B7-E16F28D0D630}.Debug|Any CPU.ActiveCfg = Debug|Any CPU
		{6392EF18-4146-4FC9-A1B7-E16F28D0D630}.Debug|Any CPU.Build.0 = Debug|Any CPU
		{6392EF18-4146-4FC9-A1B7-E16F28D0D630}.Release|Any CPU.ActiveCfg = Release|Any CPU
		{6392EF18-4146-4FC9-A1B7-E16F28D0D630}.Release|Any CPU.Build.0 = Release|Any CPU
	EndGlobalSection
	GlobalSection(SolutionProperties) = preSolution
		HideSolutionNode = FALSE
	EndGlobalSection
	GlobalSection(ExtensibilityGlobals) = postSolution
		SolutionGuid = {B3E900D1-D556-4225-8B03-909F8E6D4310}
	EndGlobalSection
EndGlobal
